{
  "name": "ip-camera-browser-client",
  "lockfileVersion": 3,
  "requires": true,
  "packages": {
    "": {
      "dependencies": {
        "hls.js": "^1.5.14"
      }
    },
    "node_modules/hls.js": {
      "version": "1.5.14",
      "resolved": "https://registry.npmjs.org/hls.js/-/hls.js-1.5.14.tgz",
      "integrity": "sha512-5wLiQ2kWJMui6oUslaq8PnPOv1vjuee5gTxjJD0DSsccY12OXtDT0h137UuqjczNeHzeEYR0ROZQibKNMr7Mzg=="
    }
  }
}
